
Microsoft Visual Studio Solution File, Format Version 12.00
# Visual Studio 15
VisualStudioVersion = 15.0.28010.2046
MinimumVisualStudioVersion = 10.0.40219.1
Project("{8BC9CEB8-8B4A-11D0-8D11-00A0C91BC942}") = "WelshPowell", "WelshPowell\WelshPowell.vcxproj", "{70A957B2-EE66-4ACF-8FD8-B0ACF2866D79}"
EndProject
Global
	GlobalSection(SolutionConfigurationPlatforms) = preSolution
		Debug|x64 = Debug|x64
		Debug|x86 = Debug|x86
		Release|x64 = Release|x64
		Release|x86 = Release|x86
	EndGlobalSection
	GlobalSection(ProjectConfigurationPlatforms) = postSolution
		{70A957B2-EE66-4ACF-8FD8-B0ACF2866D79}.Debug|x64.ActiveCfg = Debug|x64
		{70A957B2-EE66-4ACF-8FD8-B0ACF2866D79}.Debug|x64.Build.0 = Debug|x64
		{70A957B2-EE66-4ACF-8FD8-B0ACF2866D79}.Debug|x86.ActiveCfg = Debug|Win32
		{70A957B2-EE66-4ACF-8FD8-B0ACF2866D79}.Debug|x86.Build.0 = Debug|Win32
		{70A957B2-EE66-4ACF-8FD8-B0ACF2866D79}.Release|x64.ActiveCfg = Release|x64
		{70A957B2-EE66-4ACF-8FD8-B0ACF2866D79}.Release|x64.Build.0 = Release|x64
		{70A957B2-EE66-4ACF-8FD8-B0ACF2866D79}.Release|x86.ActiveCfg = Release|Win32
		{70A957B2-EE66-4ACF-8FD8-B0ACF2866D79}.Release|x86.Build.0 = Release|Win32
	EndGlobalSection
	GlobalSection(SolutionProperties) = preSolution
		HideSolutionNode = FALSE
	EndGlobalSection
	GlobalSection(ExtensibilityGlobals) = postSolution
		SolutionGuid = {8F41A703-2E88-45D6-98D9-2EB3B5840A25}
	EndGlobalSection
EndGlobal
