
Microsoft Visual Studio Solution File, Format Version 12.00
# Visual Studio 15
VisualStudioVersion = 15.0.28010.2046
MinimumVisualStudioVersion = 10.0.40219.1
Project("{8BC9CEB8-8B4A-11D0-8D11-00A0C91BC942}") = "Prim", "Prim\Prim.vcxproj", "{388A586B-3065-4D60-86EF-F90404456908}"
EndProject
Global
	GlobalSection(SolutionConfigurationPlatforms) = preSolution
		Debug|x64 = Debug|x64
		Debug|x86 = Debug|x86
		Release|x64 = Release|x64
		Release|x86 = Release|x86
	EndGlobalSection
	GlobalSection(ProjectConfigurationPlatforms) = postSolution
		{388A586B-3065-4D60-86EF-F90404456908}.Debug|x64.ActiveCfg = Debug|x64
		{388A586B-3065-4D60-86EF-F90404456908}.Debug|x64.Build.0 = Debug|x64
		{388A586B-3065-4D60-86EF-F90404456908}.Debug|x86.ActiveCfg = Debug|Win32
		{388A586B-3065-4D60-86EF-F90404456908}.Debug|x86.Build.0 = Debug|Win32
		{388A586B-3065-4D60-86EF-F90404456908}.Release|x64.ActiveCfg = Release|x64
		{388A586B-3065-4D60-86EF-F90404456908}.Release|x64.Build.0 = Release|x64
		{388A586B-3065-4D60-86EF-F90404456908}.Release|x86.ActiveCfg = Release|Win32
		{388A586B-3065-4D60-86EF-F90404456908}.Release|x86.Build.0 = Release|Win32
	EndGlobalSection
	GlobalSection(SolutionProperties) = preSolution
		HideSolutionNode = FALSE
	EndGlobalSection
	GlobalSection(ExtensibilityGlobals) = postSolution
		SolutionGuid = {055A2DA6-DB4B-4A05-9DFD-BB4FF34772F8}
	EndGlobalSection
EndGlobal
