
Microsoft Visual Studio Solution File, Format Version 12.00
# Visual Studio 15
VisualStudioVersion = 15.0.28010.2046
MinimumVisualStudioVersion = 10.0.40219.1
Project("{8BC9CEB8-8B4A-11D0-8D11-00A0C91BC942}") = "Project25", "Project25\Project25.vcxproj", "{475BFA30-46C2-4521-A12A-6E28F7D38E0C}"
EndProject
Global
	GlobalSection(SolutionConfigurationPlatforms) = preSolution
		Debug|x64 = Debug|x64
		Debug|x86 = Debug|x86
		Release|x64 = Release|x64
		Release|x86 = Release|x86
	EndGlobalSection
	GlobalSection(ProjectConfigurationPlatforms) = postSolution
		{475BFA30-46C2-4521-A12A-6E28F7D38E0C}.Debug|x64.ActiveCfg = Debug|x64
		{475BFA30-46C2-4521-A12A-6E28F7D38E0C}.Debug|x64.Build.0 = Debug|x64
		{475BFA30-46C2-4521-A12A-6E28F7D38E0C}.Debug|x86.ActiveCfg = Debug|Win32
		{475BFA30-46C2-4521-A12A-6E28F7D38E0C}.Debug|x86.Build.0 = Debug|Win32
		{475BFA30-46C2-4521-A12A-6E28F7D38E0C}.Release|x64.ActiveCfg = Release|x64
		{475BFA30-46C2-4521-A12A-6E28F7D38E0C}.Release|x64.Build.0 = Release|x64
		{475BFA30-46C2-4521-A12A-6E28F7D38E0C}.Release|x86.ActiveCfg = Release|Win32
		{475BFA30-46C2-4521-A12A-6E28F7D38E0C}.Release|x86.Build.0 = Release|Win32
	EndGlobalSection
	GlobalSection(SolutionProperties) = preSolution
		HideSolutionNode = FALSE
	EndGlobalSection
	GlobalSection(ExtensibilityGlobals) = postSolution
		SolutionGuid = {CFAAE46C-7656-4875-9BAE-007E4204ED9F}
	EndGlobalSection
EndGlobal
